
Microsoft Visual Studio Solution File, Format Version 12.00
# Visual Studio Version 17
VisualStudioVersion = 17.9.34616.47
MinimumVisualStudioVersion = 10.0.40219.1
Project("{8BC9CEB8-8B4A-11D0-8D11-00A0C91BC942}") = "laba_5_1_12", "laba_5_1_12\laba_5_1_12.vcxproj", "{4861C027-7FFE-4636-90A9-176315DE8508}"
EndProject
Global
	GlobalSection(SolutionConfigurationPlatforms) = preSolution
		Debug|x64 = Debug|x64
		Debug|x86 = Debug|x86
		Release|x64 = Release|x64
		Release|x86 = Release|x86
	EndGlobalSection
	GlobalSection(ProjectConfigurationPlatforms) = postSolution
		{4861C027-7FFE-4636-90A9-176315DE8508}.Debug|x64.ActiveCfg = Debug|x64
		{4861C027-7FFE-4636-90A9-176315DE8508}.Debug|x64.Build.0 = Debug|x64
		{4861C027-7FFE-4636-90A9-176315DE8508}.Debug|x86.ActiveCfg = Debug|Win32
		{4861C027-7FFE-4636-90A9-176315DE8508}.Debug|x86.Build.0 = Debug|Win32
		{4861C027-7FFE-4636-90A9-176315DE8508}.Release|x64.ActiveCfg = Release|x64
		{4861C027-7FFE-4636-90A9-176315DE8508}.Release|x64.Build.0 = Release|x64
		{4861C027-7FFE-4636-90A9-176315DE8508}.Release|x86.ActiveCfg = Release|Win32
		{4861C027-7FFE-4636-90A9-176315DE8508}.Release|x86.Build.0 = Release|Win32
	EndGlobalSection
	GlobalSection(SolutionProperties) = preSolution
		HideSolutionNode = FALSE
	EndGlobalSection
	GlobalSection(ExtensibilityGlobals) = postSolution
		SolutionGuid = {12DB65C4-EB07-46BB-B449-7FE64EE596E0}
	EndGlobalSection
EndGlobal
